
Microsoft Visual Studio Solution File, Format Version 12.00
# Visual Studio Version 17
VisualStudioVersion = 17.1.32210.238
MinimumVisualStudioVersion = 10.0.40219.1
Project("{8BC9CEB8-8B4A-11D0-8D11-00A0C91BC942}") = "ConsoleApplication1", "ConsoleApplication1.vcxproj", "{BC8DE767-8CC1-4326-9D39-0DCE8693B528}"
EndProject
Global
	GlobalSection(SolutionConfigurationPlatforms) = preSolution
		Debug|x64 = Debug|x64
		Debug|x86 = Debug|x86
		Release|x64 = Release|x64
		Release|x86 = Release|x86
	EndGlobalSection
	GlobalSection(ProjectConfigurationPlatforms) = postSolution
		{BC8DE767-8CC1-4326-9D39-0DCE8693B528}.Debug|x64.ActiveCfg = Debug|x64
		{BC8DE767-8CC1-4326-9D39-0DCE8693B528}.Debug|x64.Build.0 = Debug|x64
		{BC8DE767-8CC1-4326-9D39-0DCE8693B528}.Debug|x86.ActiveCfg = Debug|Win32
		{BC8DE767-8CC1-4326-9D39-0DCE8693B528}.Debug|x86.Build.0 = Debug|Win32
		{BC8DE767-8CC1-4326-9D39-0DCE8693B528}.Release|x64.ActiveCfg = Release|x64
		{BC8DE767-8CC1-4326-9D39-0DCE8693B528}.Release|x64.Build.0 = Release|x64
		{BC8DE767-8CC1-4326-9D39-0DCE8693B528}.Release|x86.ActiveCfg = Release|Win32
		{BC8DE767-8CC1-4326-9D39-0DCE8693B528}.Release|x86.Build.0 = Release|Win32
	EndGlobalSection
	GlobalSection(SolutionProperties) = preSolution
		HideSolutionNode = FALSE
	EndGlobalSection
	GlobalSection(ExtensibilityGlobals) = postSolution
		SolutionGuid = {C03D120E-39D7-46CF-A382-9ABF8BE97143}
	EndGlobalSection
EndGlobal
