
Microsoft Visual Studio Solution File, Format Version 12.00
# Visual Studio Version 17
VisualStudioVersion = 17.1.32210.238
MinimumVisualStudioVersion = 10.0.40219.1
Project("{8BC9CEB8-8B4A-11D0-8D11-00A0C91BC942}") = "oop作业2", "oop作业2.vcxproj", "{BAE1BDD5-4636-4DD5-AA1A-BA120C4CC809}"
EndProject
Global
	GlobalSection(SolutionConfigurationPlatforms) = preSolution
		Debug|x64 = Debug|x64
		Debug|x86 = Debug|x86
		Release|x64 = Release|x64
		Release|x86 = Release|x86
	EndGlobalSection
	GlobalSection(ProjectConfigurationPlatforms) = postSolution
		{BAE1BDD5-4636-4DD5-AA1A-BA120C4CC809}.Debug|x64.ActiveCfg = Debug|x64
		{BAE1BDD5-4636-4DD5-AA1A-BA120C4CC809}.Debug|x64.Build.0 = Debug|x64
		{BAE1BDD5-4636-4DD5-AA1A-BA120C4CC809}.Debug|x86.ActiveCfg = Debug|Win32
		{BAE1BDD5-4636-4DD5-AA1A-BA120C4CC809}.Debug|x86.Build.0 = Debug|Win32
		{BAE1BDD5-4636-4DD5-AA1A-BA120C4CC809}.Release|x64.ActiveCfg = Release|x64
		{BAE1BDD5-4636-4DD5-AA1A-BA120C4CC809}.Release|x64.Build.0 = Release|x64
		{BAE1BDD5-4636-4DD5-AA1A-BA120C4CC809}.Release|x86.ActiveCfg = Release|Win32
		{BAE1BDD5-4636-4DD5-AA1A-BA120C4CC809}.Release|x86.Build.0 = Release|Win32
	EndGlobalSection
	GlobalSection(SolutionProperties) = preSolution
		HideSolutionNode = FALSE
	EndGlobalSection
	GlobalSection(ExtensibilityGlobals) = postSolution
		SolutionGuid = {F07906F1-4C65-4DC5-B144-D7A13C71B4D1}
	EndGlobalSection
EndGlobal
